
Microsoft Visual Studio Solution File, Format Version 12.00
# Visual Studio Version 16
VisualStudioVersion = 16.0.30413.136
MinimumVisualStudioVersion = 10.0.40219.1
Project("{F184B08F-C81C-45F6-A57F-5ABD9991F28F}") = "PicRemap", "PicRemap.vbproj", "{0C23E844-77C2-4A40-A43F-58AD071E328B}"
EndProject
Global
	GlobalSection(SolutionConfigurationPlatforms) = preSolution
		Debug|Any CPU = Debug|Any CPU
		Release|Any CPU = Release|Any CPU
	EndGlobalSection
	GlobalSection(ProjectConfigurationPlatforms) = postSolution
		{0C23E844-77C2-4A40-A43F-58AD071E328B}.Debug|Any CPU.ActiveCfg = Debug|Any CPU
		{0C23E844-77C2-4A40-A43F-58AD071E328B}.Debug|Any CPU.Build.0 = Debug|Any CPU
		{0C23E844-77C2-4A40-A43F-58AD071E328B}.Release|Any CPU.ActiveCfg = Release|Any CPU
		{0C23E844-77C2-4A40-A43F-58AD071E328B}.Release|Any CPU.Build.0 = Release|Any CPU
	EndGlobalSection
	GlobalSection(SolutionProperties) = preSolution
		HideSolutionNode = FALSE
	EndGlobalSection
	GlobalSection(ExtensibilityGlobals) = postSolution
		SolutionGuid = {D25E6D48-F1DA-4F2F-B961-5B3F3B86D233}
	EndGlobalSection
EndGlobal
